
Microsoft Visual Studio Solution File, Format Version 12.00
# Visual Studio 2015
Project("{FAE04EC0-301F-11D3-BF4B-00C04F79EFBC}") = "Test9", "Test9.csproj", "{492EBD86-FF4A-3286-1EA4-E665C8A65AFE}"
EndProject
Global
	GlobalSection(SolutionConfigurationPlatforms) = preSolution
		Debug|Any CPU = Debug|Any CPU
		Release|Any CPU = Release|Any CPU
	EndGlobalSection
	GlobalSection(ProjectConfigurationPlatforms) = postSolution
		{492EBD86-FF4A-3286-1EA4-E665C8A65AFE}.Debug|Any CPU.ActiveCfg = Debug|Any CPU
		{492EBD86-FF4A-3286-1EA4-E665C8A65AFE}.Debug|Any CPU.Build.0 = Debug|Any CPU
		{492EBD86-FF4A-3286-1EA4-E665C8A65AFE}.Release|Any CPU.ActiveCfg = Release|Any CPU
		{492EBD86-FF4A-3286-1EA4-E665C8A65AFE}.Release|Any CPU.Build.0 = Release|Any CPU
	EndGlobalSection
	GlobalSection(SolutionProperties) = preSolution
		HideSolutionNode = FALSE
	EndGlobalSection
EndGlobal
